
Microsoft Visual Studio Solution File, Format Version 12.00
# Visual Studio 2012
Project("{FAE04EC0-301F-11D3-BF4B-00C04F79EFBC}") = "FET", "FET\FET.csproj", "{FDE1BEE5-9359-4357-8602-B52D67F6014F}"
EndProject
Global
	GlobalSection(SolutionConfigurationPlatforms) = preSolution
		Debug|Any CPU = Debug|Any CPU
		Release|Any CPU = Release|Any CPU
	EndGlobalSection
	GlobalSection(ProjectConfigurationPlatforms) = postSolution
		{FDE1BEE5-9359-4357-8602-B52D67F6014F}.Debug|Any CPU.ActiveCfg = Debug|Any CPU
		{FDE1BEE5-9359-4357-8602-B52D67F6014F}.Debug|Any CPU.Build.0 = Debug|Any CPU
		{FDE1BEE5-9359-4357-8602-B52D67F6014F}.Release|Any CPU.ActiveCfg = Release|Any CPU
		{FDE1BEE5-9359-4357-8602-B52D67F6014F}.Release|Any CPU.Build.0 = Release|Any CPU
	EndGlobalSection
	GlobalSection(SolutionProperties) = preSolution
		HideSolutionNode = FALSE
	EndGlobalSection
EndGlobal
